
Microsoft Visual Studio Solution File, Format Version 12.00
# Visual Studio Version 17
VisualStudioVersion = 17.0.32112.339
MinimumVisualStudioVersion = 10.0.40219.1
Project("{2150E333-8FDC-42A3-9474-1A3956D46DE8}") = "FrontEnd", "FrontEnd", "{7BDF36E2-6A05-47A8-B160-6C7E42BAECCF}"
EndProject
Project("{2150E333-8FDC-42A3-9474-1A3956D46DE8}") = "Services", "Services", "{E4E35CAD-641C-48A1-90D8-47E97DBBEDD3}"
EndProject
Project("{9A19103F-16F7-4668-BE54-9A1E7A4F7556}") = "Fusion.Web", "Fusion.Web\Fusion.Web.csproj", "{A7A3FBFE-9637-461B-AEED-B0D52CD087B6}"
EndProject
Project("{9A19103F-16F7-4668-BE54-9A1E7A4F7556}") = "Fusion.ServicesProductAPI", "Fusion.ServicesProductAPI\Fusion.ServicesProductAPI.csproj", "{5CDEE543-496B-41A0-88E9-D5F74CCB979A}"
EndProject
Project("{9A19103F-16F7-4668-BE54-9A1E7A4F7556}") = "Fusion.Services.Identity", "Fusion.Services.Identity\Fusion.Services.Identity.csproj", "{255C2C67-D148-465B-9391-B1AB214B9E04}"
EndProject
Project("{9A19103F-16F7-4668-BE54-9A1E7A4F7556}") = "Fusion.Services.ShoppingCartAPI", "Fusion.Services.ShoppingCartAPI\Fusion.Services.ShoppingCartAPI.csproj", "{D803EB41-0320-4203-812E-B9F754117B18}"
EndProject
Project("{9A19103F-16F7-4668-BE54-9A1E7A4F7556}") = "Fusion.Services.CouponAPI", "Fusion.Services.CouponAPI\Fusion.Services.CouponAPI.csproj", "{D1C0C178-990C-446E-A8C8-C2587A8F7794}"
EndProject
Project("{2150E333-8FDC-42A3-9474-1A3956D46DE8}") = "Integration", "Integration", "{B2F5B08B-13DE-4120-82F5-DA999F0AA62C}"
EndProject
Project("{FAE04EC0-301F-11D3-BF4B-00C04F79EFBC}") = "Fusion.MessageBus", "Fusion.MessageBus\Fusion.MessageBus.csproj", "{D3433776-6297-4CE0-BC57-BAB3D731713E}"
EndProject
Project("{9A19103F-16F7-4668-BE54-9A1E7A4F7556}") = "Fusion.AzureMessageBus", "AzureMessageBus\Fusion.AzureMessageBus.csproj", "{F6FBE14B-1904-4FDA-990B-9DE06345769C}"
EndProject
Project("{9A19103F-16F7-4668-BE54-9A1E7A4F7556}") = "Fusion.Services.OrderAPI", "Fusion.Services.OrderAPI\Fusion.Services.OrderAPI.csproj", "{8866EE26-688F-4227-BD69-57ADD8CA1B47}"
EndProject
Project("{2150E333-8FDC-42A3-9474-1A3956D46DE8}") = "Payments", "Payments", "{448A8A67-C749-4FD7-80BA-E62692871663}"
EndProject
Project("{9A19103F-16F7-4668-BE54-9A1E7A4F7556}") = "PaymentProcessor", "PaymentProcessor\PaymentProcessor.csproj", "{277F6419-D832-4042-BF69-AD3F6C945788}"
EndProject
Project("{9A19103F-16F7-4668-BE54-9A1E7A4F7556}") = "Fusion.Services.PaymentAPI", "Fusion.Services.PaymentAPI\Fusion.Services.PaymentAPI.csproj", "{EC5BC428-EE96-4D2C-8C85-DCE9E12B767B}"
EndProject
Project("{FAE04EC0-301F-11D3-BF4B-00C04F79EFBC}") = "Fusion.Services.EmailAPI", "Fusion.Services.EmailAPI\Fusion.Services.EmailAPI.csproj", "{FE873703-9D6A-48B8-896D-9AA395CC497A}"
EndProject
Global
	GlobalSection(SolutionConfigurationPlatforms) = preSolution
		Debug|Any CPU = Debug|Any CPU
		Release|Any CPU = Release|Any CPU
	EndGlobalSection
	GlobalSection(ProjectConfigurationPlatforms) = postSolution
		{A7A3FBFE-9637-461B-AEED-B0D52CD087B6}.Debug|Any CPU.ActiveCfg = Debug|Any CPU
		{A7A3FBFE-9637-461B-AEED-B0D52CD087B6}.Debug|Any CPU.Build.0 = Debug|Any CPU
		{A7A3FBFE-9637-461B-AEED-B0D52CD087B6}.Release|Any CPU.ActiveCfg = Release|Any CPU
		{A7A3FBFE-9637-461B-AEED-B0D52CD087B6}.Release|Any CPU.Build.0 = Release|Any CPU
		{5CDEE543-496B-41A0-88E9-D5F74CCB979A}.Debug|Any CPU.ActiveCfg = Debug|Any CPU
		{5CDEE543-496B-41A0-88E9-D5F74CCB979A}.Debug|Any CPU.Build.0 = Debug|Any CPU
		{5CDEE543-496B-41A0-88E9-D5F74CCB979A}.Release|Any CPU.ActiveCfg = Release|Any CPU
		{5CDEE543-496B-41A0-88E9-D5F74CCB979A}.Release|Any CPU.Build.0 = Release|Any CPU
		{255C2C67-D148-465B-9391-B1AB214B9E04}.Debug|Any CPU.ActiveCfg = Debug|Any CPU
		{255C2C67-D148-465B-9391-B1AB214B9E04}.Debug|Any CPU.Build.0 = Debug|Any CPU
		{255C2C67-D148-465B-9391-B1AB214B9E04}.Release|Any CPU.ActiveCfg = Release|Any CPU
		{255C2C67-D148-465B-9391-B1AB214B9E04}.Release|Any CPU.Build.0 = Release|Any CPU
		{D803EB41-0320-4203-812E-B9F754117B18}.Debug|Any CPU.ActiveCfg = Debug|Any CPU
		{D803EB41-0320-4203-812E-B9F754117B18}.Debug|Any CPU.Build.0 = Debug|Any CPU
		{D803EB41-0320-4203-812E-B9F754117B18}.Release|Any CPU.ActiveCfg = Release|Any CPU
		{D803EB41-0320-4203-812E-B9F754117B18}.Release|Any CPU.Build.0 = Release|Any CPU
		{D1C0C178-990C-446E-A8C8-C2587A8F7794}.Debug|Any CPU.ActiveCfg = Debug|Any CPU
		{D1C0C178-990C-446E-A8C8-C2587A8F7794}.Debug|Any CPU.Build.0 = Debug|Any CPU
		{D1C0C178-990C-446E-A8C8-C2587A8F7794}.Release|Any CPU.ActiveCfg = Release|Any CPU
		{D1C0C178-990C-446E-A8C8-C2587A8F7794}.Release|Any CPU.Build.0 = Release|Any CPU
		{D3433776-6297-4CE0-BC57-BAB3D731713E}.Debug|Any CPU.ActiveCfg = Debug|Any CPU
		{D3433776-6297-4CE0-BC57-BAB3D731713E}.Debug|Any CPU.Build.0 = Debug|Any CPU
		{D3433776-6297-4CE0-BC57-BAB3D731713E}.Release|Any CPU.ActiveCfg = Release|Any CPU
		{D3433776-6297-4CE0-BC57-BAB3D731713E}.Release|Any CPU.Build.0 = Release|Any CPU
		{F6FBE14B-1904-4FDA-990B-9DE06345769C}.Debug|Any CPU.ActiveCfg = Debug|Any CPU
		{F6FBE14B-1904-4FDA-990B-9DE06345769C}.Debug|Any CPU.Build.0 = Debug|Any CPU
		{F6FBE14B-1904-4FDA-990B-9DE06345769C}.Release|Any CPU.ActiveCfg = Release|Any CPU
		{F6FBE14B-1904-4FDA-990B-9DE06345769C}.Release|Any CPU.Build.0 = Release|Any CPU
		{8866EE26-688F-4227-BD69-57ADD8CA1B47}.Debug|Any CPU.ActiveCfg = Debug|Any CPU
		{8866EE26-688F-4227-BD69-57ADD8CA1B47}.Debug|Any CPU.Build.0 = Debug|Any CPU
		{8866EE26-688F-4227-BD69-57ADD8CA1B47}.Release|Any CPU.ActiveCfg = Release|Any CPU
		{8866EE26-688F-4227-BD69-57ADD8CA1B47}.Release|Any CPU.Build.0 = Release|Any CPU
		{277F6419-D832-4042-BF69-AD3F6C945788}.Debug|Any CPU.ActiveCfg = Debug|Any CPU
		{277F6419-D832-4042-BF69-AD3F6C945788}.Debug|Any CPU.Build.0 = Debug|Any CPU
		{277F6419-D832-4042-BF69-AD3F6C945788}.Release|Any CPU.ActiveCfg = Release|Any CPU
		{277F6419-D832-4042-BF69-AD3F6C945788}.Release|Any CPU.Build.0 = Release|Any CPU
		{EC5BC428-EE96-4D2C-8C85-DCE9E12B767B}.Debug|Any CPU.ActiveCfg = Debug|Any CPU
		{EC5BC428-EE96-4D2C-8C85-DCE9E12B767B}.Debug|Any CPU.Build.0 = Debug|Any CPU
		{EC5BC428-EE96-4D2C-8C85-DCE9E12B767B}.Release|Any CPU.ActiveCfg = Release|Any CPU
		{EC5BC428-EE96-4D2C-8C85-DCE9E12B767B}.Release|Any CPU.Build.0 = Release|Any CPU
		{FE873703-9D6A-48B8-896D-9AA395CC497A}.Debug|Any CPU.ActiveCfg = Debug|Any CPU
		{FE873703-9D6A-48B8-896D-9AA395CC497A}.Debug|Any CPU.Build.0 = Debug|Any CPU
		{FE873703-9D6A-48B8-896D-9AA395CC497A}.Release|Any CPU.ActiveCfg = Release|Any CPU
		{FE873703-9D6A-48B8-896D-9AA395CC497A}.Release|Any CPU.Build.0 = Release|Any CPU
	EndGlobalSection
	GlobalSection(SolutionProperties) = preSolution
		HideSolutionNode = FALSE
	EndGlobalSection
	GlobalSection(NestedProjects) = preSolution
		{A7A3FBFE-9637-461B-AEED-B0D52CD087B6} = {7BDF36E2-6A05-47A8-B160-6C7E42BAECCF}
		{5CDEE543-496B-41A0-88E9-D5F74CCB979A} = {E4E35CAD-641C-48A1-90D8-47E97DBBEDD3}
		{255C2C67-D148-465B-9391-B1AB214B9E04} = {E4E35CAD-641C-48A1-90D8-47E97DBBEDD3}
		{D803EB41-0320-4203-812E-B9F754117B18} = {E4E35CAD-641C-48A1-90D8-47E97DBBEDD3}
		{D1C0C178-990C-446E-A8C8-C2587A8F7794} = {E4E35CAD-641C-48A1-90D8-47E97DBBEDD3}
		{D3433776-6297-4CE0-BC57-BAB3D731713E} = {B2F5B08B-13DE-4120-82F5-DA999F0AA62C}
		{F6FBE14B-1904-4FDA-990B-9DE06345769C} = {B2F5B08B-13DE-4120-82F5-DA999F0AA62C}
		{8866EE26-688F-4227-BD69-57ADD8CA1B47} = {E4E35CAD-641C-48A1-90D8-47E97DBBEDD3}
		{277F6419-D832-4042-BF69-AD3F6C945788} = {448A8A67-C749-4FD7-80BA-E62692871663}
		{EC5BC428-EE96-4D2C-8C85-DCE9E12B767B} = {E4E35CAD-641C-48A1-90D8-47E97DBBEDD3}
		{FE873703-9D6A-48B8-896D-9AA395CC497A} = {E4E35CAD-641C-48A1-90D8-47E97DBBEDD3}
	EndGlobalSection
	GlobalSection(ExtensibilityGlobals) = postSolution
		SolutionGuid = {1E3E89EB-8A00-48AF-A247-766B75C18C43}
	EndGlobalSection
EndGlobal
